{
  "name": "react-typescript-helpers",
  "version": "0.0.1",
  "lockfileVersion": 1,
  "requires": true,
  "dependencies": {
    "@types/prop-types": {
      "version": "15.5.6",
      "resolved": "https://registry.npmjs.org/@types/prop-types/-/prop-types-15.5.6.tgz",
      "integrity": "sha512-ZBFR7TROLVzCkswA3Fmqq+IIJt62/T7aY/Dmz+QkU7CaW2QFqAitCE8Ups7IzmGhcN1YWMBT4Qcoc07jU9hOJQ=="
    },
    "@types/react": {
      "version": "16.4.8",
      "resolved": "https://registry.npmjs.org/@types/react/-/react-16.4.8.tgz",
      "integrity": "sha512-i1bQXfUF2gItMpG9u9epR02DHLZEpXHON0I6z89vFvbOfGRMyMP1h6VxHTa9TpSJhXrYQjNhwTtLGJdvQA7kcA==",
      "requires": {
        "@types/prop-types": "*",
        "csstype": "^2.2.0"
      }
    },
    "csstype": {
      "version": "2.5.7",
      "resolved": "https://registry.npmjs.org/csstype/-/csstype-2.5.7.tgz",
      "integrity": "sha512-Nt5VDyOTIIV4/nRFswoCKps1R5CD1hkiyjBE9/thNaNZILLEviVw9yWQw15+O+CpNjQKB/uvdcxFFOrSflY3Yw=="
    },
    "typescript": {
      "version": "3.2.0-rc",
      "resolved": "https://registry.npmjs.org/typescript/-/typescript-3.2.0-rc.tgz",
      "integrity": "sha512-RgKDOpEdbU9dAkB4TzxWy46wiyNUKQo0NM0bB7WfvEFw50yu046ldQXpOUYMUTLIAHnToOCtHsu39MYE8o6NCw==",
      "dev": true
    }
  }
}
